// !$*UTF8*$!
{
	archiveVersion = 1;
	classes = {
	};
	objectVersion = 55;
	objects = {

/* Begin PBXBuildFile section */
		4D32ABD2288D239000880F60 /* AppDelegate.swift in Sources */ = {isa = PBXBuildFile; fileRef = 4D32ABD1288D239000880F60 /* AppDelegate.swift */; };
		4D32ABD4288D239000880F60 /* SceneDelegate.swift in Sources */ = {isa = PBXBuildFile; fileRef = 4D32ABD3288D239000880F60 /* SceneDelegate.swift */; };
		4D32ABD6288D239000880F60 /* TranslateViewController.swift in Sources */ = {isa = PBXBuildFile; fileRef = 4D32ABD5288D239000880F60 /* TranslateViewController.swift */; };
		4D32ABD9288D239000880F60 /* Main.storyboard in Resources */ = {isa = PBXBuildFile; fileRef = 4D32ABD7288D239000880F60 /* Main.storyboard */; };
		4D32ABDB288D239100880F60 /* Assets.xcassets in Resources */ = {isa = PBXBuildFile; fileRef = 4D32ABDA288D239100880F60 /* Assets.xcassets */; };
		4D32ABDE288D239100880F60 /* LaunchScreen.storyboard in Resources */ = {isa = PBXBuildFile; fileRef = 4D32ABDC288D239100880F60 /* LaunchScreen.storyboard */; };
		4D32ABEB288D23E100880F60 /* TranslateNetworkManager.swift in Sources */ = {isa = PBXBuildFile; fileRef = 4D32ABEA288D23E100880F60 /* TranslateNetworkManager.swift */; };
		4D32ABED288D23FE00880F60 /* DetectorNetworkManager.swift in Sources */ = {isa = PBXBuildFile; fileRef = 4D32ABEC288D23FE00880F60 /* DetectorNetworkManager.swift */; };
		4D32ABEF288D241F00880F60 /* NameTranslateNetworkManager.swift in Sources */ = {isa = PBXBuildFile; fileRef = 4D32ABEE288D241F00880F60 /* NameTranslateNetworkManager.swift */; };
		4D32ABF3288D275200880F60 /* TranslateModel.swift in Sources */ = {isa = PBXBuildFile; fileRef = 4D32ABF2288D275200880F60 /* TranslateModel.swift */; };
		4D32ABF5288D277D00880F60 /* DetectedModel.swift in Sources */ = {isa = PBXBuildFile; fileRef = 4D32ABF4288D277D00880F60 /* DetectedModel.swift */; };
		4D32ABF7288D279000880F60 /* NameTranslateModel.swift in Sources */ = {isa = PBXBuildFile; fileRef = 4D32ABF6288D279000880F60 /* NameTranslateModel.swift */; };
		4D32ABF9288F7AD200880F60 /* Constant.swift in Sources */ = {isa = PBXBuildFile; fileRef = 4D32ABF8288F7AD200880F60 /* Constant.swift */; };
		4D5C7906288F867100FDC45B /* DetectedViewController.swift in Sources */ = {isa = PBXBuildFile; fileRef = 4D5C7905288F867100FDC45B /* DetectedViewController.swift */; };
		4D5C7908288F868100FDC45B /* NameTranslateViewController.swift in Sources */ = {isa = PBXBuildFile; fileRef = 4D5C7907288F868100FDC45B /* NameTranslateViewController.swift */; };
		4DA496DF2892251D00F6D7D4 /* Translator.swift in Sources */ = {isa = PBXBuildFile; fileRef = 4DA496DE2892251D00F6D7D4 /* Translator.swift */; };
		4DA496E228923EEF00F6D7D4 /* Detector.swift in Sources */ = {isa = PBXBuildFile; fileRef = 4DA496E128923EEF00F6D7D4 /* Detector.swift */; };
		4DA496E62893908300F6D7D4 /* NameTransTableViewCell.swift in Sources */ = {isa = PBXBuildFile; fileRef = 4DA496E42893908300F6D7D4 /* NameTransTableViewCell.swift */; };
		4DA496E72893908300F6D7D4 /* NameTransTableViewCell.xib in Resources */ = {isa = PBXBuildFile; fileRef = 4DA496E52893908300F6D7D4 /* NameTransTableViewCell.xib */; };
/* End PBXBuildFile section */

/* Begin PBXFileReference section */
		4D32ABCE288D239000880F60 /* Translator_Test.app */ = {isa = PBXFileReference; explicitFileType = wrapper.application; includeInIndex = 0; path = Translator_Test.app; sourceTree = BUILT_PRODUCTS_DIR; };
		4D32ABD1288D239000880F60 /* AppDelegate.swift */ = {isa = PBXFileReference; lastKnownFileType = sourcecode.swift; path = AppDelegate.swift; sourceTree = "<group>"; };
		4D32ABD3288D239000880F60 /* SceneDelegate.swift */ = {isa = PBXFileReference; lastKnownFileType = sourcecode.swift; path = SceneDelegate.swift; sourceTree = "<group>"; };
		4D32ABD5288D239000880F60 /* TranslateViewController.swift */ = {isa = PBXFileReference; lastKnownFileType = sourcecode.swift; path = TranslateViewController.swift; sourceTree = "<group>"; };
		4D32ABD8288D239000880F60 /* Base */ = {isa = PBXFileReference; lastKnownFileType = file.storyboard; name = Base; path = Base.lproj/Main.storyboard; sourceTree = "<group>"; };
		4D32ABDA288D239100880F60 /* Assets.xcassets */ = {isa = PBXFileReference; lastKnownFileType = folder.assetcatalog; path = Assets.xcassets; sourceTree = "<group>"; };
		4D32ABDD288D239100880F60 /* Base */ = {isa = PBXFileReference; lastKnownFileType = file.storyboard; name = Base; path = Base.lproj/LaunchScreen.storyboard; sourceTree = "<group>"; };
		4D32ABDF288D239100880F60 /* Info.plist */ = {isa = PBXFileReference; lastKnownFileType = text.plist.xml; path = Info.plist; sourceTree = "<group>"; };
		4D32ABEA288D23E100880F60 /* TranslateNetworkManager.swift */ = {isa = PBXFileReference; lastKnownFileType = sourcecode.swift; path = TranslateNetworkManager.swift; sourceTree = "<group>"; };
		4D32ABEC288D23FE00880F60 /* DetectorNetworkManager.swift */ = {isa = PBXFileReference; lastKnownFileType = sourcecode.swift; path = DetectorNetworkManager.swift; sourceTree = "<group>"; };
		4D32ABEE288D241F00880F60 /* NameTranslateNetworkManager.swift */ = {isa = PBXFileReference; lastKnownFileType = sourcecode.swift; path = NameTranslateNetworkManager.swift; sourceTree = "<group>"; };
		4D32ABF2288D275200880F60 /* TranslateModel.swift */ = {isa = PBXFileReference; lastKnownFileType = sourcecode.swift; path = TranslateModel.swift; sourceTree = "<group>"; };
		4D32ABF4288D277D00880F60 /* DetectedModel.swift */ = {isa = PBXFileReference; lastKnownFileType = sourcecode.swift; path = DetectedModel.swift; sourceTree = "<group>"; };
		4D32ABF6288D279000880F60 /* NameTranslateModel.swift */ = {isa = PBXFileReference; lastKnownFileType = sourcecode.swift; path = NameTranslateModel.swift; sourceTree = "<group>"; };
		4D32ABF8288F7AD200880F60 /* Constant.swift */ = {isa = PBXFileReference; lastKnownFileType = sourcecode.swift; path = Constant.swift; sourceTree = "<group>"; };
		4D5C7905288F867100FDC45B /* DetectedViewController.swift */ = {isa = PBXFileReference; lastKnownFileType = sourcecode.swift; path = DetectedViewController.swift; sourceTree = "<group>"; };
		4D5C7907288F868100FDC45B /* NameTranslateViewController.swift */ = {isa = PBXFileReference; lastKnownFileType = sourcecode.swift; path = NameTranslateViewController.swift; sourceTree = "<group>"; };
		4DA496DE2892251D00F6D7D4 /* Translator.swift */ = {isa = PBXFileReference; lastKnownFileType = sourcecode.swift; path = Translator.swift; sourceTree = "<group>"; };
		4DA496E128923EEF00F6D7D4 /* Detector.swift */ = {isa = PBXFileReference; lastKnownFileType = sourcecode.swift; path = Detector.swift; sourceTree = "<group>"; };
		4DA496E42893908300F6D7D4 /* NameTransTableViewCell.swift */ = {isa = PBXFileReference; lastKnownFileType = sourcecode.swift; path = NameTransTableViewCell.swift; sourceTree = "<group>"; };
		4DA496E52893908300F6D7D4 /* NameTransTableViewCell.xib */ = {isa = PBXFileReference; lastKnownFileType = file.xib; path = NameTransTableViewCell.xib; sourceTree = "<group>"; };
/* End PBXFileReference section */

/* Begin PBXFrameworksBuildPhase section */
		4D32ABCB288D239000880F60 /* Frameworks */ = {
			isa = PBXFrameworksBuildPhase;
			buildActionMask = 2147483647;
			files = (
			);
			runOnlyForDeploymentPostprocessing = 0;
		};
/* End PBXFrameworksBuildPhase section */

/* Begin PBXGroup section */
		4D32ABC5288D239000880F60 = {
			isa = PBXGroup;
			children = (
				4D32ABD0288D239000880F60 /* Translator_Test */,
				4D32ABCF288D239000880F60 /* Products */,
			);
			sourceTree = "<group>";
		};
		4D32ABCF288D239000880F60 /* Products */ = {
			isa = PBXGroup;
			children = (
				4D32ABCE288D239000880F60 /* Translator_Test.app */,
			);
			name = Products;
			sourceTree = "<group>";
		};
		4D32ABD0288D239000880F60 /* Translator_Test */ = {
			isa = PBXGroup;
			children = (
				4D32ABE9288D23BE00880F60 /* Models */,
				4D32ABE8288D23B400880F60 /* Views */,
				4D32ABE7288D23AD00880F60 /* Controllers */,
				4D32ABE6288D23A700880F60 /* Helper */,
				4D32ABE5288D23A100880F60 /* Network */,
				4D32ABD1288D239000880F60 /* AppDelegate.swift */,
				4D32ABD3288D239000880F60 /* SceneDelegate.swift */,
				4D32ABDA288D239100880F60 /* Assets.xcassets */,
				4D32ABDC288D239100880F60 /* LaunchScreen.storyboard */,
				4D32ABDF288D239100880F60 /* Info.plist */,
			);
			path = Translator_Test;
			sourceTree = "<group>";
		};
		4D32ABE5288D23A100880F60 /* Network */ = {
			isa = PBXGroup;
			children = (
				4D32ABEA288D23E100880F60 /* TranslateNetworkManager.swift */,
				4D32ABEC288D23FE00880F60 /* DetectorNetworkManager.swift */,
				4D32ABEE288D241F00880F60 /* NameTranslateNetworkManager.swift */,
			);
			path = Network;
			sourceTree = "<group>";
		};
		4D32ABE6288D23A700880F60 /* Helper */ = {
			isa = PBXGroup;
			children = (
				4D32ABF8288F7AD200880F60 /* Constant.swift */,
			);
			path = Helper;
			sourceTree = "<group>";
		};
		4D32ABE7288D23AD00880F60 /* Controllers */ = {
			isa = PBXGroup;
			children = (
				4D32ABD5288D239000880F60 /* TranslateViewController.swift */,
				4D5C7905288F867100FDC45B /* DetectedViewController.swift */,
				4D5C7907288F868100FDC45B /* NameTranslateViewController.swift */,
			);
			path = Controllers;
			sourceTree = "<group>";
		};
		4D32ABE8288D23B400880F60 /* Views */ = {
			isa = PBXGroup;
			children = (
				4D32ABD7288D239000880F60 /* Main.storyboard */,
				4DA496E42893908300F6D7D4 /* NameTransTableViewCell.swift */,
				4DA496E52893908300F6D7D4 /* NameTransTableViewCell.xib */,
			);
			path = Views;
			sourceTree = "<group>";
		};
		4D32ABE9288D23BE00880F60 /* Models */ = {
			isa = PBXGroup;
			children = (
				4DA496E3289363BB00F6D7D4 /* NameTranslator */,
				4DA496DD2892250A00F6D7D4 /* Translator */,
				4DA496E02892373A00F6D7D4 /* Detector */,
			);
			path = Models;
			sourceTree = "<group>";
		};
		4DA496DD2892250A00F6D7D4 /* Translator */ = {
			isa = PBXGroup;
			children = (
				4D32ABF2288D275200880F60 /* TranslateModel.swift */,
				4DA496DE2892251D00F6D7D4 /* Translator.swift */,
			);
			path = Translator;
			sourceTree = "<group>";
		};
		4DA496E02892373A00F6D7D4 /* Detector */ = {
			isa = PBXGroup;
			children = (
				4D32ABF4288D277D00880F60 /* DetectedModel.swift */,
				4DA496E128923EEF00F6D7D4 /* Detector.swift */,
			);
			path = Detector;
			sourceTree = "<group>";
		};
		4DA496E3289363BB00F6D7D4 /* NameTranslator */ = {
			isa = PBXGroup;
			children = (
				4D32ABF6288D279000880F60 /* NameTranslateModel.swift */,
			);
			path = NameTranslator;
			sourceTree = "<group>";
		};
/* End PBXGroup section */

/* Begin PBXNativeTarget section */
		4D32ABCD288D239000880F60 /* Translator_Test */ = {
			isa = PBXNativeTarget;
			buildConfigurationList = 4D32ABE2288D239100880F60 /* Build configuration list for PBXNativeTarget "Translator_Test" */;
			buildPhases = (
				4D32ABCA288D239000880F60 /* Sources */,
				4D32ABCB288D239000880F60 /* Frameworks */,
				4D32ABCC288D239000880F60 /* Resources */,
			);
			buildRules = (
			);
			dependencies = (
			);
			name = Translator_Test;
			productName = Translator_Test;
			productReference = 4D32ABCE288D239000880F60 /* Translator_Test.app */;
			productType = "com.apple.product-type.application";
		};
/* End PBXNativeTarget section */

/* Begin PBXProject section */
		4D32ABC6288D239000880F60 /* Project object */ = {
			isa = PBXProject;
			attributes = {
				BuildIndependentTargetsInParallel = 1;
				LastSwiftUpdateCheck = 1340;
				LastUpgradeCheck = 1340;
				TargetAttributes = {
					4D32ABCD288D239000880F60 = {
						CreatedOnToolsVersion = 13.4.1;
					};
				};
			};
			buildConfigurationList = 4D32ABC9288D239000880F60 /* Build configuration list for PBXProject "Translator_Test" */;
			compatibilityVersion = "Xcode 13.0";
			developmentRegion = en;
			hasScannedForEncodings = 0;
			knownRegions = (
				en,
				Base,
			);
			mainGroup = 4D32ABC5288D239000880F60;
			productRefGroup = 4D32ABCF288D239000880F60 /* Products */;
			projectDirPath = "";
			projectRoot = "";
			targets = (
				4D32ABCD288D239000880F60 /* Translator_Test */,
			);
		};
/* End PBXProject section */

/* Begin PBXResourcesBuildPhase section */
		4D32ABCC288D239000880F60 /* Resources */ = {
			isa = PBXResourcesBuildPhase;
			buildActionMask = 2147483647;
			files = (
				4D32ABDE288D239100880F60 /* LaunchScreen.storyboard in Resources */,
				4D32ABDB288D239100880F60 /* Assets.xcassets in Resources */,
				4D32ABD9288D239000880F60 /* Main.storyboard in Resources */,
				4DA496E72893908300F6D7D4 /* NameTransTableViewCell.xib in Resources */,
			);
			runOnlyForDeploymentPostprocessing = 0;
		};
/* End PBXResourcesBuildPhase section */

/* Begin PBXSourcesBuildPhase section */
		4D32ABCA288D239000880F60 /* Sources */ = {
			isa = PBXSourcesBuildPhase;
			buildActionMask = 2147483647;
			files = (
				4D32ABEB288D23E100880F60 /* TranslateNetworkManager.swift in Sources */,
				4D32ABD6288D239000880F60 /* TranslateViewController.swift in Sources */,
				4D32ABD2288D239000880F60 /* AppDelegate.swift in Sources */,
				4D32ABED288D23FE00880F60 /* DetectorNetworkManager.swift in Sources */,
				4DA496E228923EEF00F6D7D4 /* Detector.swift in Sources */,
				4D32ABF5288D277D00880F60 /* DetectedModel.swift in Sources */,
				4D32ABEF288D241F00880F60 /* NameTranslateNetworkManager.swift in Sources */,
				4DA496E62893908300F6D7D4 /* NameTransTableViewCell.swift in Sources */,
				4D32ABF3288D275200880F60 /* TranslateModel.swift in Sources */,
				4D5C7906288F867100FDC45B /* DetectedViewController.swift in Sources */,
				4D32ABF9288F7AD200880F60 /* Constant.swift in Sources */,
				4D32ABD4288D239000880F60 /* SceneDelegate.swift in Sources */,
				4D5C7908288F868100FDC45B /* NameTranslateViewController.swift in Sources */,
				4D32ABF7288D279000880F60 /* NameTranslateModel.swift in Sources */,
				4DA496DF2892251D00F6D7D4 /* Translator.swift in Sources */,
			);
			runOnlyForDeploymentPostprocessing = 0;
		};
/* End PBXSourcesBuildPhase section */

/* Begin PBXVariantGroup section */
		4D32ABD7288D239000880F60 /* Main.storyboard */ = {
			isa = PBXVariantGroup;
			children = (
				4D32ABD8288D239000880F60 /* Base */,
			);
			name = Main.storyboard;
			sourceTree = "<group>";
		};
		4D32ABDC288D239100880F60 /* LaunchScreen.storyboard */ = {
			isa = PBXVariantGroup;
			children = (
				4D32ABDD288D239100880F60 /* Base */,
			);
			name = LaunchScreen.storyboard;
			sourceTree = "<group>";
		};
/* End PBXVariantGroup section */

/* Begin XCBuildConfiguration section */
		4D32ABE0288D239100880F60 /* Debug */ = {
			isa = XCBuildConfiguration;
			buildSettings = {
				ALWAYS_SEARCH_USER_PATHS = NO;
				CLANG_ANALYZER_NONNULL = YES;
				CLANG_ANALYZER_NUMBER_OBJECT_CONVERSION = YES_AGGRESSIVE;
				CLANG_CXX_LANGUAGE_STANDARD = "gnu++17";
				CLANG_ENABLE_MODULES = YES;
				CLANG_ENABLE_OBJC_ARC = YES;
				CLANG_ENABLE_OBJC_WEAK = YES;
				CLANG_WARN_BLOCK_CAPTURE_AUTORELEASING = YES;
				CLANG_WARN_BOOL_CONVERSION = YES;
				CLANG_WARN_COMMA = YES;
				CLANG_WARN_CONSTANT_CONVERSION = YES;
				CLANG_WARN_DEPRECATED_OBJC_IMPLEMENTATIONS = YES;
				CLANG_WARN_DIRECT_OBJC_ISA_USAGE = YES_ERROR;
				CLANG_WARN_DOCUMENTATION_COMMENTS = YES;
				CLANG_WARN_EMPTY_BODY = YES;
				CLANG_WARN_ENUM_CONVERSION = YES;
				CLANG_WARN_INFINITE_RECURSION = YES;
				CLANG_WARN_INT_CONVERSION = YES;
				CLANG_WARN_NON_LITERAL_NULL_CONVERSION = YES;
				CLANG_WARN_OBJC_IMPLICIT_RETAIN_SELF = YES;
				CLANG_WARN_OBJC_LITERAL_CONVERSION = YES;
				CLANG_WARN_OBJC_ROOT_CLASS = YES_ERROR;
				CLANG_WARN_QUOTED_INCLUDE_IN_FRAMEWORK_HEADER = YES;
				CLANG_WARN_RANGE_LOOP_ANALYSIS = YES;
				CLANG_WARN_STRICT_PROTOTYPES = YES;
				CLANG_WARN_SUSPICIOUS_MOVE = YES;
				CLANG_WARN_UNGUARDED_AVAILABILITY = YES_AGGRESSIVE;
				CLANG_WARN_UNREACHABLE_CODE = YES;
				CLANG_WARN__DUPLICATE_METHOD_MATCH = YES;
				COPY_PHASE_STRIP = NO;
				DEBUG_INFORMATION_FORMAT = dwarf;
				ENABLE_STRICT_OBJC_MSGSEND = YES;
				ENABLE_TESTABILITY = YES;
				GCC_C_LANGUAGE_STANDARD = gnu11;
				GCC_DYNAMIC_NO_PIC = NO;
				GCC_NO_COMMON_BLOCKS = YES;
				GCC_OPTIMIZATION_LEVEL = 0;
				GCC_PREPROCESSOR_DEFINITIONS = (
					"DEBUG=1",
					"$(inherited)",
				);
				GCC_WARN_64_TO_32_BIT_CONVERSION = YES;
				GCC_WARN_ABOUT_RETURN_TYPE = YES_ERROR;
				GCC_WARN_UNDECLARED_SELECTOR = YES;
				GCC_WARN_UNINITIALIZED_AUTOS = YES_AGGRESSIVE;
				GCC_WARN_UNUSED_FUNCTION = YES;
				GCC_WARN_UNUSED_VARIABLE = YES;
				IPHONEOS_DEPLOYMENT_TARGET = 15.5;
				MTL_ENABLE_DEBUG_INFO = INCLUDE_SOURCE;
				MTL_FAST_MATH = YES;
				ONLY_ACTIVE_ARCH = YES;
				SDKROOT = iphoneos;
				SWIFT_ACTIVE_COMPILATION_CONDITIONS = DEBUG;
				SWIFT_OPTIMIZATION_LEVEL = "-Onone";
			};
			name = Debug;
		};
		4D32ABE1288D239100880F60 /* Release */ = {
			isa = XCBuildConfiguration;
			buildSettings = {
				ALWAYS_SEARCH_USER_PATHS = NO;
				CLANG_ANALYZER_NONNULL = YES;
				CLANG_ANALYZER_NUMBER_OBJECT_CONVERSION = YES_AGGRESSIVE;
				CLANG_CXX_LANGUAGE_STANDARD = "gnu++17";
				CLANG_ENABLE_MODULES = YES;
				CLANG_ENABLE_OBJC_ARC = YES;
				CLANG_ENABLE_OBJC_WEAK = YES;
				CLANG_WARN_BLOCK_CAPTURE_AUTORELEASING = YES;
				CLANG_WARN_BOOL_CONVERSION = YES;
				CLANG_WARN_COMMA = YES;
				CLANG_WARN_CONSTANT_CONVERSION = YES;
				CLANG_WARN_DEPRECATED_OBJC_IMPLEMENTATIONS = YES;
				CLANG_WARN_DIRECT_OBJC_ISA_USAGE = YES_ERROR;
				CLANG_WARN_DOCUMENTATION_COMMENTS = YES;
				CLANG_WARN_EMPTY_BODY = YES;
				CLANG_WARN_ENUM_CONVERSION = YES;
				CLANG_WARN_INFINITE_RECURSION = YES;
				CLANG_WARN_INT_CONVERSION = YES;
				CLANG_WARN_NON_LITERAL_NULL_CONVERSION = YES;
				CLANG_WARN_OBJC_IMPLICIT_RETAIN_SELF = YES;
				CLANG_WARN_OBJC_LITERAL_CONVERSION = YES;
				CLANG_WARN_OBJC_ROOT_CLASS = YES_ERROR;
				CLANG_WARN_QUOTED_INCLUDE_IN_FRAMEWORK_HEADER = YES;
				CLANG_WARN_RANGE_LOOP_ANALYSIS = YES;
				CLANG_WARN_STRICT_PROTOTYPES = YES;
				CLANG_WARN_SUSPICIOUS_MOVE = YES;
				CLANG_WARN_UNGUARDED_AVAILABILITY = YES_AGGRESSIVE;
				CLANG_WARN_UNREACHABLE_CODE = YES;
				CLANG_WARN__DUPLICATE_METHOD_MATCH = YES;
				COPY_PHASE_STRIP = NO;
				DEBUG_INFORMATION_FORMAT = "dwarf-with-dsym";
				ENABLE_NS_ASSERTIONS = NO;
				ENABLE_STRICT_OBJC_MSGSEND = YES;
				GCC_C_LANGUAGE_STANDARD = gnu11;
				GCC_NO_COMMON_BLOCKS = YES;
				GCC_WARN_64_TO_32_BIT_CONVERSION = YES;
				GCC_WARN_ABOUT_RETURN_TYPE = YES_ERROR;
				GCC_WARN_UNDECLARED_SELECTOR = YES;
				GCC_WARN_UNINITIALIZED_AUTOS = YES_AGGRESSIVE;
				GCC_WARN_UNUSED_FUNCTION = YES;
				GCC_WARN_UNUSED_VARIABLE = YES;
				IPHONEOS_DEPLOYMENT_TARGET = 15.5;
				MTL_ENABLE_DEBUG_INFO = NO;
				MTL_FAST_MATH = YES;
				SDKROOT = iphoneos;
				SWIFT_COMPILATION_MODE = wholemodule;
				SWIFT_OPTIMIZATION_LEVEL = "-O";
				VALIDATE_PRODUCT = YES;
			};
			name = Release;
		};
		4D32ABE3288D239100880F60 /* Debug */ = {
			isa = XCBuildConfiguration;
			buildSettings = {
				ASSETCATALOG_COMPILER_APPICON_NAME = AppIcon;
				ASSETCATALOG_COMPILER_GLOBAL_ACCENT_COLOR_NAME = AccentColor;
				CODE_SIGN_STYLE = Automatic;
				CURRENT_PROJECT_VERSION = 1;
				DEVELOPMENT_TEAM = 5566XK43XC;
				GENERATE_INFOPLIST_FILE = YES;
				INFOPLIST_FILE = Translator_Test/Info.plist;
				INFOPLIST_KEY_UIApplicationSupportsIndirectInputEvents = YES;
				INFOPLIST_KEY_UILaunchStoryboardName = LaunchScreen;
				INFOPLIST_KEY_UIMainStoryboardFile = Main;
				INFOPLIST_KEY_UISupportedInterfaceOrientations = UIInterfaceOrientationPortrait;
				INFOPLIST_KEY_UISupportedInterfaceOrientations_iPad = "UIInterfaceOrientationPortrait UIInterfaceOrientationPortraitUpsideDown UIInterfaceOrientationLandscapeLeft UIInterfaceOrientationLandscapeRight";
				INFOPLIST_KEY_UISupportedInterfaceOrientations_iPhone = "UIInterfaceOrientationPortrait UIInterfaceOrientationLandscapeLeft UIInterfaceOrientationLandscapeRight";
				IPHONEOS_DEPLOYMENT_TARGET = 13.0;
				LD_RUNPATH_SEARCH_PATHS = (
					"$(inherited)",
					"@executable_path/Frameworks",
				);
				MARKETING_VERSION = 1.0;
				PRODUCT_BUNDLE_IDENTIFIER = "com.pulsar.Translator-Test";
				PRODUCT_NAME = "$(TARGET_NAME)";
				SWIFT_EMIT_LOC_STRINGS = YES;
				SWIFT_VERSION = 5.0;
				TARGETED_DEVICE_FAMILY = 1;
			};
			name = Debug;
		};
		4D32ABE4288D239100880F60 /* Release */ = {
			isa = XCBuildConfiguration;
			buildSettings = {
				ASSETCATALOG_COMPILER_APPICON_NAME = AppIcon;
				ASSETCATALOG_COMPILER_GLOBAL_ACCENT_COLOR_NAME = AccentColor;
				CODE_SIGN_STYLE = Automatic;
				CURRENT_PROJECT_VERSION = 1;
				DEVELOPMENT_TEAM = 5566XK43XC;
				GENERATE_INFOPLIST_FILE = YES;
				INFOPLIST_FILE = Translator_Test/Info.plist;
				INFOPLIST_KEY_UIApplicationSupportsIndirectInputEvents = YES;
				INFOPLIST_KEY_UILaunchStoryboardName = LaunchScreen;
				INFOPLIST_KEY_UIMainStoryboardFile = Main;
				INFOPLIST_KEY_UISupportedInterfaceOrientations = UIInterfaceOrientationPortrait;
				INFOPLIST_KEY_UISupportedInterfaceOrientations_iPad = "UIInterfaceOrientationPortrait UIInterfaceOrientationPortraitUpsideDown UIInterfaceOrientationLandscapeLeft UIInterfaceOrientationLandscapeRight";
				INFOPLIST_KEY_UISupportedInterfaceOrientations_iPhone = "UIInterfaceOrientationPortrait UIInterfaceOrientationLandscapeLeft UIInterfaceOrientationLandscapeRight";
				IPHONEOS_DEPLOYMENT_TARGET = 13.0;
				LD_RUNPATH_SEARCH_PATHS = (
					"$(inherited)",
					"@executable_path/Frameworks",
				);
				MARKETING_VERSION = 1.0;
				PRODUCT_BUNDLE_IDENTIFIER = "com.pulsar.Translator-Test";
				PRODUCT_NAME = "$(TARGET_NAME)";
				SWIFT_EMIT_LOC_STRINGS = YES;
				SWIFT_VERSION = 5.0;
				TARGETED_DEVICE_FAMILY = 1;
			};
			name = Release;
		};
/* End XCBuildConfiguration section */

/* Begin XCConfigurationList section */
		4D32ABC9288D239000880F60 /* Build configuration list for PBXProject "Translator_Test" */ = {
			isa = XCConfigurationList;
			buildConfigurations = (
				4D32ABE0288D239100880F60 /* Debug */,
				4D32ABE1288D239100880F60 /* Release */,
			);
			defaultConfigurationIsVisible = 0;
			defaultConfigurationName = Release;
		};
		4D32ABE2288D239100880F60 /* Build configuration list for PBXNativeTarget "Translator_Test" */ = {
			isa = XCConfigurationList;
			buildConfigurations = (
				4D32ABE3288D239100880F60 /* Debug */,
				4D32ABE4288D239100880F60 /* Release */,
			);
			defaultConfigurationIsVisible = 0;
			defaultConfigurationName = Release;
		};
/* End XCConfigurationList section */
	};
	rootObject = 4D32ABC6288D239000880F60 /* Project object */;
}
